
Microsoft Visual Studio Solution File, Format Version 12.00
# Visual Studio Version 16
VisualStudioVersion = 16.0.35026.282
MinimumVisualStudioVersion = 10.0.40219.1
Project("{FAE04EC0-301F-11D3-BF4B-00C04F79EFBC}") = "Arquivo - Projeto04 -TimesDeFutebol", "Arquivo - Projeto04 -TimesDeFutebol\Arquivo - Projeto04 -TimesDeFutebol.csproj", "{7B7F610D-8A48-4C29-A498-7F139260F92C}"
EndProject
Global
	GlobalSection(SolutionConfigurationPlatforms) = preSolution
		Debug|Any CPU = Debug|Any CPU
		Release|Any CPU = Release|Any CPU
	EndGlobalSection
	GlobalSection(ProjectConfigurationPlatforms) = postSolution
		{7B7F610D-8A48-4C29-A498-7F139260F92C}.Debug|Any CPU.ActiveCfg = Debug|Any CPU
		{7B7F610D-8A48-4C29-A498-7F139260F92C}.Debug|Any CPU.Build.0 = Debug|Any CPU
		{7B7F610D-8A48-4C29-A498-7F139260F92C}.Release|Any CPU.ActiveCfg = Release|Any CPU
		{7B7F610D-8A48-4C29-A498-7F139260F92C}.Release|Any CPU.Build.0 = Release|Any CPU
	EndGlobalSection
	GlobalSection(SolutionProperties) = preSolution
		HideSolutionNode = FALSE
	EndGlobalSection
	GlobalSection(ExtensibilityGlobals) = postSolution
		SolutionGuid = {FD5C13D3-A3B9-4CEC-97BF-2F7E4613134E}
	EndGlobalSection
EndGlobal
